
Microsoft Visual Studio Solution File, Format Version 12.00
# Visual Studio Version 18
VisualStudioVersion = 18.4.11612.150 stable
MinimumVisualStudioVersion = 10.0.40219.1
Project("{FAE04EC0-301F-11D3-BF4B-00C04F79EFBC}") = "aps.net order-system", "aps.net order-system.csproj", "{FAA8BC6B-DE17-192A-6E46-CFD76A9600CE}"
EndProject
Global
	GlobalSection(SolutionConfigurationPlatforms) = preSolution
		Debug|Any CPU = Debug|Any CPU
		Release|Any CPU = Release|Any CPU
	EndGlobalSection
	GlobalSection(ProjectConfigurationPlatforms) = postSolution
		{FAA8BC6B-DE17-192A-6E46-CFD76A9600CE}.Debug|Any CPU.ActiveCfg = Debug|Any CPU
		{FAA8BC6B-DE17-192A-6E46-CFD76A9600CE}.Debug|Any CPU.Build.0 = Debug|Any CPU
		{FAA8BC6B-DE17-192A-6E46-CFD76A9600CE}.Release|Any CPU.ActiveCfg = Release|Any CPU
		{FAA8BC6B-DE17-192A-6E46-CFD76A9600CE}.Release|Any CPU.Build.0 = Release|Any CPU
	EndGlobalSection
	GlobalSection(SolutionProperties) = preSolution
		HideSolutionNode = FALSE
	EndGlobalSection
	GlobalSection(ExtensibilityGlobals) = postSolution
		SolutionGuid = {7531A258-F449-4AA3-B1FD-38F1AF7B79E9}
	EndGlobalSection
EndGlobal
